
Microsoft Visual Studio Solution File, Format Version 12.00
# Visual Studio Version 16
VisualStudioVersion = 16.0.30907.101
MinimumVisualStudioVersion = 10.0.40219.1
Project("{FAE04EC0-301F-11D3-BF4B-00C04F79EFBC}") = "Mazeinator", "Mazeinator.csproj", "{8C99ABEB-7E7C-44E8-A647-B369F5567B26}"
EndProject
Project("{2150E333-8FDC-42A3-9474-1A3956D46DE8}") = "Solution Items", "Solution Items", "{238DCE71-62E0-4E32-AB24-C90501C8EB5D}"
	ProjectSection(SolutionItems) = preProject
		.editorconfig = .editorconfig
	EndProjectSection
EndProject
Global
	GlobalSection(SolutionConfigurationPlatforms) = preSolution
		Debug|Any CPU = Debug|Any CPU
		Release|Any CPU = Release|Any CPU
	EndGlobalSection
	GlobalSection(ProjectConfigurationPlatforms) = postSolution
		{8C99ABEB-7E7C-44E8-A647-B369F5567B26}.Debug|Any CPU.ActiveCfg = Debug|Any CPU
		{8C99ABEB-7E7C-44E8-A647-B369F5567B26}.Debug|Any CPU.Build.0 = Debug|Any CPU
		{8C99ABEB-7E7C-44E8-A647-B369F5567B26}.Release|Any CPU.ActiveCfg = Release|Any CPU
		{8C99ABEB-7E7C-44E8-A647-B369F5567B26}.Release|Any CPU.Build.0 = Release|Any CPU
	EndGlobalSection
	GlobalSection(SolutionProperties) = preSolution
		HideSolutionNode = FALSE
	EndGlobalSection
	GlobalSection(ExtensibilityGlobals) = postSolution
		SolutionGuid = {B69D2736-55D3-404E-91F6-8A8A8127B487}
	EndGlobalSection
EndGlobal
